{
  "name": "bro-q",
  "version": "1.0.0",
  "lockfileVersion": 1,
  "requires": true,
  "dependencies": {
    "@types/node": {
      "version": "9.4.7",
      "resolved": "https://registry.npmjs.org/@types/node/-/node-9.4.7.tgz",
      "integrity": "sha512-4Ba90mWNx8ddbafuyGGwjkZMigi+AWfYLSDCpovwsE63ia8w93r3oJ8PIAQc3y8U+XHcnMOHPIzNe3o438Ywcw==",
      "dev": true
    },
    "ts-clipboard": {
      "version": "1.0.16",
      "resolved": "https://registry.npmjs.org/ts-clipboard/-/ts-clipboard-1.0.16.tgz",
      "integrity": "sha512-KOdraW9sZ/cob7HslHmewVMwCjFW0l8sl3HP+DWGVt9lwMDSDOYYb6kxwGuL67aCg4bUi8VEYFy+CzZGJe+AXg=="
    }
  }
}
